
Microsoft Visual Studio Solution File, Format Version 12.00
# Visual Studio Version 16
VisualStudioVersion = 16.0.29318.209
MinimumVisualStudioVersion = 10.0.40219.1
Project("{2150E333-8FDC-42A3-9474-1A3956D46DE8}") = "files", "files", "{D3C20BB6-416B-468F-BF08-0E7AE913D75B}"
	ProjectSection(SolutionItems) = preProject
		build.cake = build.cake
		config.txt = config.txt
		LICENSE.md = LICENSE.md
		README.md = README.md
	EndProjectSection
EndProject
Project("{2150E333-8FDC-42A3-9474-1A3956D46DE8}") = "src", "src", "{E100C164-35F5-4EF9-B739-F446CD2CD149}"
EndProject
Project("{FAE04EC0-301F-11D3-BF4B-00C04F79EFBC}") = "KFlearning", "src\KFlearning\KFlearning.csproj", "{0CFFDEDA-8108-4F8A-9C5D-2BDDC98EEF1B}"
EndProject
Project("{FAE04EC0-301F-11D3-BF4B-00C04F79EFBC}") = "KFlearning.Core", "src\KFlearning.Core\KFlearning.Core.csproj", "{443A1CE9-0C67-41ED-B392-5E41F7325A82}"
EndProject
Project("{930C7802-8A8C-48F9-8165-68863BCCD9DD}") = "KFlearning.Setup", "src\KFlearning.Setup\KFlearning.Setup.wixproj", "{51B934A5-0042-49C0-9560-0E6A4C38D41E}"
EndProject
Global
	GlobalSection(SolutionConfigurationPlatforms) = preSolution
		Debug|Any CPU = Debug|Any CPU
		Debug|x64 = Debug|x64
		Debug|x86 = Debug|x86
		Release|Any CPU = Release|Any CPU
		Release|x64 = Release|x64
		Release|x86 = Release|x86
	EndGlobalSection
	GlobalSection(ProjectConfigurationPlatforms) = postSolution
		{0CFFDEDA-8108-4F8A-9C5D-2BDDC98EEF1B}.Debug|Any CPU.ActiveCfg = Debug|Any CPU
		{0CFFDEDA-8108-4F8A-9C5D-2BDDC98EEF1B}.Debug|Any CPU.Build.0 = Debug|Any CPU
		{0CFFDEDA-8108-4F8A-9C5D-2BDDC98EEF1B}.Debug|x64.ActiveCfg = Debug|x64
		{0CFFDEDA-8108-4F8A-9C5D-2BDDC98EEF1B}.Debug|x64.Build.0 = Debug|x64
		{0CFFDEDA-8108-4F8A-9C5D-2BDDC98EEF1B}.Debug|x86.ActiveCfg = Debug|x86
		{0CFFDEDA-8108-4F8A-9C5D-2BDDC98EEF1B}.Debug|x86.Build.0 = Debug|x86
		{0CFFDEDA-8108-4F8A-9C5D-2BDDC98EEF1B}.Release|Any CPU.ActiveCfg = Release|Any CPU
		{0CFFDEDA-8108-4F8A-9C5D-2BDDC98EEF1B}.Release|Any CPU.Build.0 = Release|Any CPU
		{0CFFDEDA-8108-4F8A-9C5D-2BDDC98EEF1B}.Release|x64.ActiveCfg = Release|Any CPU
		{0CFFDEDA-8108-4F8A-9C5D-2BDDC98EEF1B}.Release|x64.Build.0 = Release|Any CPU
		{0CFFDEDA-8108-4F8A-9C5D-2BDDC98EEF1B}.Release|x86.ActiveCfg = Release|x86
		{0CFFDEDA-8108-4F8A-9C5D-2BDDC98EEF1B}.Release|x86.Build.0 = Release|x86
		{443A1CE9-0C67-41ED-B392-5E41F7325A82}.Debug|Any CPU.ActiveCfg = Debug|Any CPU
		{443A1CE9-0C67-41ED-B392-5E41F7325A82}.Debug|Any CPU.Build.0 = Debug|Any CPU
		{443A1CE9-0C67-41ED-B392-5E41F7325A82}.Debug|x64.ActiveCfg = Debug|x64
		{443A1CE9-0C67-41ED-B392-5E41F7325A82}.Debug|x64.Build.0 = Debug|x64
		{443A1CE9-0C67-41ED-B392-5E41F7325A82}.Debug|x86.ActiveCfg = Debug|x86
		{443A1CE9-0C67-41ED-B392-5E41F7325A82}.Debug|x86.Build.0 = Debug|x86
		{443A1CE9-0C67-41ED-B392-5E41F7325A82}.Release|Any CPU.ActiveCfg = Release|Any CPU
		{443A1CE9-0C67-41ED-B392-5E41F7325A82}.Release|Any CPU.Build.0 = Release|Any CPU
		{443A1CE9-0C67-41ED-B392-5E41F7325A82}.Release|x64.ActiveCfg = Release|Any CPU
		{443A1CE9-0C67-41ED-B392-5E41F7325A82}.Release|x64.Build.0 = Release|Any CPU
		{443A1CE9-0C67-41ED-B392-5E41F7325A82}.Release|x86.ActiveCfg = Release|Any CPU
		{443A1CE9-0C67-41ED-B392-5E41F7325A82}.Release|x86.Build.0 = Release|Any CPU
		{51B934A5-0042-49C0-9560-0E6A4C38D41E}.Debug|Any CPU.ActiveCfg = Debug|x86
		{51B934A5-0042-49C0-9560-0E6A4C38D41E}.Debug|x64.ActiveCfg = Debug|x86
		{51B934A5-0042-49C0-9560-0E6A4C38D41E}.Debug|x86.ActiveCfg = Debug|x86
		{51B934A5-0042-49C0-9560-0E6A4C38D41E}.Release|Any CPU.ActiveCfg = Release|x86
		{51B934A5-0042-49C0-9560-0E6A4C38D41E}.Release|x64.ActiveCfg = Release|x86
		{51B934A5-0042-49C0-9560-0E6A4C38D41E}.Release|x86.ActiveCfg = Release|x86
		{51B934A5-0042-49C0-9560-0E6A4C38D41E}.Release|x86.Build.0 = Release|x86
	EndGlobalSection
	GlobalSection(SolutionProperties) = preSolution
		HideSolutionNode = FALSE
	EndGlobalSection
	GlobalSection(NestedProjects) = preSolution
		{0CFFDEDA-8108-4F8A-9C5D-2BDDC98EEF1B} = {E100C164-35F5-4EF9-B739-F446CD2CD149}
		{443A1CE9-0C67-41ED-B392-5E41F7325A82} = {E100C164-35F5-4EF9-B739-F446CD2CD149}
		{51B934A5-0042-49C0-9560-0E6A4C38D41E} = {E100C164-35F5-4EF9-B739-F446CD2CD149}
	EndGlobalSection
	GlobalSection(ExtensibilityGlobals) = postSolution
		SolutionGuid = {01014452-34E3-46C7-99D8-DE8763ABD8E3}
	EndGlobalSection
EndGlobal
